// !$*UTF8*$!
{
	archiveVersion = 1;
	classes = {
	};
	objectVersion = 56;
	objects = {

/* Begin PBXBuildFile section */
		843636E828EB39D100A03EB8 /* AppDelegate.swift in Sources */ = {isa = PBXBuildFile; fileRef = 843636E728EB39D100A03EB8 /* AppDelegate.swift */; };
		843636EA28EB39D100A03EB8 /* SceneDelegate.swift in Sources */ = {isa = PBXBuildFile; fileRef = 843636E928EB39D100A03EB8 /* SceneDelegate.swift */; };
		843636F228EB39D100A03EB8 /* Lecture5_Example.xcdatamodeld in Sources */ = {isa = PBXBuildFile; fileRef = 843636F028EB39D100A03EB8 /* Lecture5_Example.xcdatamodeld */; };
		843636F428EB39D300A03EB8 /* Assets.xcassets in Resources */ = {isa = PBXBuildFile; fileRef = 843636F328EB39D300A03EB8 /* Assets.xcassets */; };
		843636F728EB39D300A03EB8 /* LaunchScreen.storyboard in Resources */ = {isa = PBXBuildFile; fileRef = 843636F528EB39D300A03EB8 /* LaunchScreen.storyboard */; };
		8436370228EB39D400A03EB8 /* Lecture5_ExampleTests.swift in Sources */ = {isa = PBXBuildFile; fileRef = 8436370128EB39D400A03EB8 /* Lecture5_ExampleTests.swift */; };
		8436370C28EB39D400A03EB8 /* Lecture5_ExampleUITests.swift in Sources */ = {isa = PBXBuildFile; fileRef = 8436370B28EB39D400A03EB8 /* Lecture5_ExampleUITests.swift */; };
		8436370E28EB39D400A03EB8 /* Lecture5_ExampleUITestsLaunchTests.swift in Sources */ = {isa = PBXBuildFile; fileRef = 8436370D28EB39D400A03EB8 /* Lecture5_ExampleUITestsLaunchTests.swift */; };
		8436371D28EB4DB400A03EB8 /* ListPeopleViewController.swift in Sources */ = {isa = PBXBuildFile; fileRef = 8436371C28EB4DB400A03EB8 /* ListPeopleViewController.swift */; };
		8436376328EC2F3B00A03EB8 /* InvitedPeopleListViewController.swift in Sources */ = {isa = PBXBuildFile; fileRef = 8436376128EC2F3B00A03EB8 /* InvitedPeopleListViewController.swift */; };
		8436376428EC2F3B00A03EB8 /* InvitedPeopleListViewController.xib in Resources */ = {isa = PBXBuildFile; fileRef = 8436376228EC2F3B00A03EB8 /* InvitedPeopleListViewController.xib */; };
/* End PBXBuildFile section */

/* Begin PBXContainerItemProxy section */
		843636FE28EB39D400A03EB8 /* PBXContainerItemProxy */ = {
			isa = PBXContainerItemProxy;
			containerPortal = 843636DC28EB39D100A03EB8 /* Project object */;
			proxyType = 1;
			remoteGlobalIDString = 843636E328EB39D100A03EB8;
			remoteInfo = "Lecture5-Example";
		};
		8436370828EB39D400A03EB8 /* PBXContainerItemProxy */ = {
			isa = PBXContainerItemProxy;
			containerPortal = 843636DC28EB39D100A03EB8 /* Project object */;
			proxyType = 1;
			remoteGlobalIDString = 843636E328EB39D100A03EB8;
			remoteInfo = "Lecture5-Example";
		};
/* End PBXContainerItemProxy section */

/* Begin PBXFileReference section */
		843636E428EB39D100A03EB8 /* Lecture5-Example.app */ = {isa = PBXFileReference; explicitFileType = wrapper.application; includeInIndex = 0; path = "Lecture5-Example.app"; sourceTree = BUILT_PRODUCTS_DIR; };
		843636E728EB39D100A03EB8 /* AppDelegate.swift */ = {isa = PBXFileReference; lastKnownFileType = sourcecode.swift; path = AppDelegate.swift; sourceTree = "<group>"; };
		843636E928EB39D100A03EB8 /* SceneDelegate.swift */ = {isa = PBXFileReference; lastKnownFileType = sourcecode.swift; path = SceneDelegate.swift; sourceTree = "<group>"; };
		843636F128EB39D100A03EB8 /* Lecture5_Example.xcdatamodel */ = {isa = PBXFileReference; lastKnownFileType = wrapper.xcdatamodel; path = Lecture5_Example.xcdatamodel; sourceTree = "<group>"; };
		843636F328EB39D300A03EB8 /* Assets.xcassets */ = {isa = PBXFileReference; lastKnownFileType = folder.assetcatalog; path = Assets.xcassets; sourceTree = "<group>"; };
		843636F628EB39D300A03EB8 /* Base */ = {isa = PBXFileReference; lastKnownFileType = file.storyboard; name = Base; path = Base.lproj/LaunchScreen.storyboard; sourceTree = "<group>"; };
		843636F828EB39D300A03EB8 /* Info.plist */ = {isa = PBXFileReference; lastKnownFileType = text.plist.xml; path = Info.plist; sourceTree = "<group>"; };
		843636FD28EB39D400A03EB8 /* Lecture5-ExampleTests.xctest */ = {isa = PBXFileReference; explicitFileType = wrapper.cfbundle; includeInIndex = 0; path = "Lecture5-ExampleTests.xctest"; sourceTree = BUILT_PRODUCTS_DIR; };
		8436370128EB39D400A03EB8 /* Lecture5_ExampleTests.swift */ = {isa = PBXFileReference; lastKnownFileType = sourcecode.swift; path = Lecture5_ExampleTests.swift; sourceTree = "<group>"; };
		8436370728EB39D400A03EB8 /* Lecture5-ExampleUITests.xctest */ = {isa = PBXFileReference; explicitFileType = wrapper.cfbundle; includeInIndex = 0; path = "Lecture5-ExampleUITests.xctest"; sourceTree = BUILT_PRODUCTS_DIR; };
		8436370B28EB39D400A03EB8 /* Lecture5_ExampleUITests.swift */ = {isa = PBXFileReference; lastKnownFileType = sourcecode.swift; path = Lecture5_ExampleUITests.swift; sourceTree = "<group>"; };
		8436370D28EB39D400A03EB8 /* Lecture5_ExampleUITestsLaunchTests.swift */ = {isa = PBXFileReference; lastKnownFileType = sourcecode.swift; path = Lecture5_ExampleUITestsLaunchTests.swift; sourceTree = "<group>"; };
		8436371C28EB4DB400A03EB8 /* ListPeopleViewController.swift */ = {isa = PBXFileReference; lastKnownFileType = sourcecode.swift; path = ListPeopleViewController.swift; sourceTree = "<group>"; };
		8436376128EC2F3B00A03EB8 /* InvitedPeopleListViewController.swift */ = {isa = PBXFileReference; lastKnownFileType = sourcecode.swift; name = InvitedPeopleListViewController.swift; path = ../InvitedPeopleListViewController.swift; sourceTree = "<group>"; };
		8436376228EC2F3B00A03EB8 /* InvitedPeopleListViewController.xib */ = {isa = PBXFileReference; lastKnownFileType = file.xib; name = InvitedPeopleListViewController.xib; path = ../InvitedPeopleListViewController.xib; sourceTree = "<group>"; };
/* End PBXFileReference section */

/* Begin PBXFrameworksBuildPhase section */
		843636E128EB39D100A03EB8 /* Frameworks */ = {
			isa = PBXFrameworksBuildPhase;
			buildActionMask = 2147483647;
			files = (
			);
			runOnlyForDeploymentPostprocessing = 0;
		};
		843636FA28EB39D400A03EB8 /* Frameworks */ = {
			isa = PBXFrameworksBuildPhase;
			buildActionMask = 2147483647;
			files = (
			);
			runOnlyForDeploymentPostprocessing = 0;
		};
		8436370428EB39D400A03EB8 /* Frameworks */ = {
			isa = PBXFrameworksBuildPhase;
			buildActionMask = 2147483647;
			files = (
			);
			runOnlyForDeploymentPostprocessing = 0;
		};
/* End PBXFrameworksBuildPhase section */

/* Begin PBXGroup section */
		843636DB28EB39D100A03EB8 = {
			isa = PBXGroup;
			children = (
				843636E628EB39D100A03EB8 /* Lecture5-Example */,
				8436370028EB39D400A03EB8 /* Lecture5-ExampleTests */,
				8436370A28EB39D400A03EB8 /* Lecture5-ExampleUITests */,
				843636E528EB39D100A03EB8 /* Products */,
			);
			sourceTree = "<group>";
		};
		843636E528EB39D100A03EB8 /* Products */ = {
			isa = PBXGroup;
			children = (
				843636E428EB39D100A03EB8 /* Lecture5-Example.app */,
				843636FD28EB39D400A03EB8 /* Lecture5-ExampleTests.xctest */,
				8436370728EB39D400A03EB8 /* Lecture5-ExampleUITests.xctest */,
			);
			name = Products;
			sourceTree = "<group>";
		};
		843636E628EB39D100A03EB8 /* Lecture5-Example */ = {
			isa = PBXGroup;
			children = (
				843636E728EB39D100A03EB8 /* AppDelegate.swift */,
				843636E928EB39D100A03EB8 /* SceneDelegate.swift */,
				843636F328EB39D300A03EB8 /* Assets.xcassets */,
				843636F528EB39D300A03EB8 /* LaunchScreen.storyboard */,
				843636F828EB39D300A03EB8 /* Info.plist */,
				843636F028EB39D100A03EB8 /* Lecture5_Example.xcdatamodeld */,
				8436371C28EB4DB400A03EB8 /* ListPeopleViewController.swift */,
				8436376128EC2F3B00A03EB8 /* InvitedPeopleListViewController.swift */,
				8436376228EC2F3B00A03EB8 /* InvitedPeopleListViewController.xib */,
			);
			path = "Lecture5-Example";
			sourceTree = "<group>";
		};
		8436370028EB39D400A03EB8 /* Lecture5-ExampleTests */ = {
			isa = PBXGroup;
			children = (
				8436370128EB39D400A03EB8 /* Lecture5_ExampleTests.swift */,
			);
			path = "Lecture5-ExampleTests";
			sourceTree = "<group>";
		};
		8436370A28EB39D400A03EB8 /* Lecture5-ExampleUITests */ = {
			isa = PBXGroup;
			children = (
				8436370B28EB39D400A03EB8 /* Lecture5_ExampleUITests.swift */,
				8436370D28EB39D400A03EB8 /* Lecture5_ExampleUITestsLaunchTests.swift */,
			);
			path = "Lecture5-ExampleUITests";
			sourceTree = "<group>";
		};
/* End PBXGroup section */

/* Begin PBXNativeTarget section */
		843636E328EB39D100A03EB8 /* Lecture5-Example */ = {
			isa = PBXNativeTarget;
			buildConfigurationList = 8436371128EB39D400A03EB8 /* Build configuration list for PBXNativeTarget "Lecture5-Example" */;
			buildPhases = (
				843636E028EB39D100A03EB8 /* Sources */,
				843636E128EB39D100A03EB8 /* Frameworks */,
				843636E228EB39D100A03EB8 /* Resources */,
			);
			buildRules = (
			);
			dependencies = (
			);
			name = "Lecture5-Example";
			productName = "Lecture5-Example";
			productReference = 843636E428EB39D100A03EB8 /* Lecture5-Example.app */;
			productType = "com.apple.product-type.application";
		};
		843636FC28EB39D400A03EB8 /* Lecture5-ExampleTests */ = {
			isa = PBXNativeTarget;
			buildConfigurationList = 8436371428EB39D400A03EB8 /* Build configuration list for PBXNativeTarget "Lecture5-ExampleTests" */;
			buildPhases = (
				843636F928EB39D400A03EB8 /* Sources */,
				843636FA28EB39D400A03EB8 /* Frameworks */,
				843636FB28EB39D400A03EB8 /* Resources */,
			);
			buildRules = (
			);
			dependencies = (
				843636FF28EB39D400A03EB8 /* PBXTargetDependency */,
			);
			name = "Lecture5-ExampleTests";
			productName = "Lecture5-ExampleTests";
			productReference = 843636FD28EB39D400A03EB8 /* Lecture5-ExampleTests.xctest */;
			productType = "com.apple.product-type.bundle.unit-test";
		};
		8436370628EB39D400A03EB8 /* Lecture5-ExampleUITests */ = {
			isa = PBXNativeTarget;
			buildConfigurationList = 8436371728EB39D400A03EB8 /* Build configuration list for PBXNativeTarget "Lecture5-ExampleUITests" */;
			buildPhases = (
				8436370328EB39D400A03EB8 /* Sources */,
				8436370428EB39D400A03EB8 /* Frameworks */,
				8436370528EB39D400A03EB8 /* Resources */,
			);
			buildRules = (
			);
			dependencies = (
				8436370928EB39D400A03EB8 /* PBXTargetDependency */,
			);
			name = "Lecture5-ExampleUITests";
			productName = "Lecture5-ExampleUITests";
			productReference = 8436370728EB39D400A03EB8 /* Lecture5-ExampleUITests.xctest */;
			productType = "com.apple.product-type.bundle.ui-testing";
		};
/* End PBXNativeTarget section */

/* Begin PBXProject section */
		843636DC28EB39D100A03EB8 /* Project object */ = {
			isa = PBXProject;
			attributes = {
				BuildIndependentTargetsInParallel = 1;
				LastSwiftUpdateCheck = 1400;
				LastUpgradeCheck = 1400;
				TargetAttributes = {
					843636E328EB39D100A03EB8 = {
						CreatedOnToolsVersion = 14.0.1;
					};
					843636FC28EB39D400A03EB8 = {
						CreatedOnToolsVersion = 14.0.1;
						TestTargetID = 843636E328EB39D100A03EB8;
					};
					8436370628EB39D400A03EB8 = {
						CreatedOnToolsVersion = 14.0.1;
						TestTargetID = 843636E328EB39D100A03EB8;
					};
				};
			};
			buildConfigurationList = 843636DF28EB39D100A03EB8 /* Build configuration list for PBXProject "Lecture5-Example" */;
			compatibilityVersion = "Xcode 14.0";
			developmentRegion = en;
			hasScannedForEncodings = 0;
			knownRegions = (
				en,
				Base,
			);
			mainGroup = 843636DB28EB39D100A03EB8;
			productRefGroup = 843636E528EB39D100A03EB8 /* Products */;
			projectDirPath = "";
			projectRoot = "";
			targets = (
				843636E328EB39D100A03EB8 /* Lecture5-Example */,
				843636FC28EB39D400A03EB8 /* Lecture5-ExampleTests */,
				8436370628EB39D400A03EB8 /* Lecture5-ExampleUITests */,
			);
		};
/* End PBXProject section */

/* Begin PBXResourcesBuildPhase section */
		843636E228EB39D100A03EB8 /* Resources */ = {
			isa = PBXResourcesBuildPhase;
			buildActionMask = 2147483647;
			files = (
				843636F728EB39D300A03EB8 /* LaunchScreen.storyboard in Resources */,
				843636F428EB39D300A03EB8 /* Assets.xcassets in Resources */,
				8436376428EC2F3B00A03EB8 /* InvitedPeopleListViewController.xib in Resources */,
			);
			runOnlyForDeploymentPostprocessing = 0;
		};
		843636FB28EB39D400A03EB8 /* Resources */ = {
			isa = PBXResourcesBuildPhase;
			buildActionMask = 2147483647;
			files = (
			);
			runOnlyForDeploymentPostprocessing = 0;
		};
		8436370528EB39D400A03EB8 /* Resources */ = {
			isa = PBXResourcesBuildPhase;
			buildActionMask = 2147483647;
			files = (
			);
			runOnlyForDeploymentPostprocessing = 0;
		};
/* End PBXResourcesBuildPhase section */

/* Begin PBXSourcesBuildPhase section */
		843636E028EB39D100A03EB8 /* Sources */ = {
			isa = PBXSourcesBuildPhase;
			buildActionMask = 2147483647;
			files = (
				843636F228EB39D100A03EB8 /* Lecture5_Example.xcdatamodeld in Sources */,
				8436376328EC2F3B00A03EB8 /* InvitedPeopleListViewController.swift in Sources */,
				843636E828EB39D100A03EB8 /* AppDelegate.swift in Sources */,
				8436371D28EB4DB400A03EB8 /* ListPeopleViewController.swift in Sources */,
				843636EA28EB39D100A03EB8 /* SceneDelegate.swift in Sources */,
			);
			runOnlyForDeploymentPostprocessing = 0;
		};
		843636F928EB39D400A03EB8 /* Sources */ = {
			isa = PBXSourcesBuildPhase;
			buildActionMask = 2147483647;
			files = (
				8436370228EB39D400A03EB8 /* Lecture5_ExampleTests.swift in Sources */,
			);
			runOnlyForDeploymentPostprocessing = 0;
		};
		8436370328EB39D400A03EB8 /* Sources */ = {
			isa = PBXSourcesBuildPhase;
			buildActionMask = 2147483647;
			files = (
				8436370E28EB39D400A03EB8 /* Lecture5_ExampleUITestsLaunchTests.swift in Sources */,
				8436370C28EB39D400A03EB8 /* Lecture5_ExampleUITests.swift in Sources */,
			);
			runOnlyForDeploymentPostprocessing = 0;
		};
/* End PBXSourcesBuildPhase section */

/* Begin PBXTargetDependency section */
		843636FF28EB39D400A03EB8 /* PBXTargetDependency */ = {
			isa = PBXTargetDependency;
			target = 843636E328EB39D100A03EB8 /* Lecture5-Example */;
			targetProxy = 843636FE28EB39D400A03EB8 /* PBXContainerItemProxy */;
		};
		8436370928EB39D400A03EB8 /* PBXTargetDependency */ = {
			isa = PBXTargetDependency;
			target = 843636E328EB39D100A03EB8 /* Lecture5-Example */;
			targetProxy = 8436370828EB39D400A03EB8 /* PBXContainerItemProxy */;
		};
/* End PBXTargetDependency section */

/* Begin PBXVariantGroup section */
		843636F528EB39D300A03EB8 /* LaunchScreen.storyboard */ = {
			isa = PBXVariantGroup;
			children = (
				843636F628EB39D300A03EB8 /* Base */,
			);
			name = LaunchScreen.storyboard;
			sourceTree = "<group>";
		};
/* End PBXVariantGroup section */

/* Begin XCBuildConfiguration section */
		8436370F28EB39D400A03EB8 /* Debug */ = {
			isa = XCBuildConfiguration;
			buildSettings = {
				ALWAYS_SEARCH_USER_PATHS = NO;
				CLANG_ANALYZER_NONNULL = YES;
				CLANG_ANALYZER_NUMBER_OBJECT_CONVERSION = YES_AGGRESSIVE;
				CLANG_CXX_LANGUAGE_STANDARD = "gnu++20";
				CLANG_ENABLE_MODULES = YES;
				CLANG_ENABLE_OBJC_ARC = YES;
				CLANG_ENABLE_OBJC_WEAK = YES;
				CLANG_WARN_BLOCK_CAPTURE_AUTORELEASING = YES;
				CLANG_WARN_BOOL_CONVERSION = YES;
				CLANG_WARN_COMMA = YES;
				CLANG_WARN_CONSTANT_CONVERSION = YES;
				CLANG_WARN_DEPRECATED_OBJC_IMPLEMENTATIONS = YES;
				CLANG_WARN_DIRECT_OBJC_ISA_USAGE = YES_ERROR;
				CLANG_WARN_DOCUMENTATION_COMMENTS = YES;
				CLANG_WARN_EMPTY_BODY = YES;
				CLANG_WARN_ENUM_CONVERSION = YES;
				CLANG_WARN_INFINITE_RECURSION = YES;
				CLANG_WARN_INT_CONVERSION = YES;
				CLANG_WARN_NON_LITERAL_NULL_CONVERSION = YES;
				CLANG_WARN_OBJC_IMPLICIT_RETAIN_SELF = YES;
				CLANG_WARN_OBJC_LITERAL_CONVERSION = YES;
				CLANG_WARN_OBJC_ROOT_CLASS = YES_ERROR;
				CLANG_WARN_QUOTED_INCLUDE_IN_FRAMEWORK_HEADER = YES;
				CLANG_WARN_RANGE_LOOP_ANALYSIS = YES;
				CLANG_WARN_STRICT_PROTOTYPES = YES;
				CLANG_WARN_SUSPICIOUS_MOVE = YES;
				CLANG_WARN_UNGUARDED_AVAILABILITY = YES_AGGRESSIVE;
				CLANG_WARN_UNREACHABLE_CODE = YES;
				CLANG_WARN__DUPLICATE_METHOD_MATCH = YES;
				COPY_PHASE_STRIP = NO;
				DEBUG_INFORMATION_FORMAT = dwarf;
				ENABLE_STRICT_OBJC_MSGSEND = YES;
				ENABLE_TESTABILITY = YES;
				GCC_C_LANGUAGE_STANDARD = gnu11;
				GCC_DYNAMIC_NO_PIC = NO;
				GCC_NO_COMMON_BLOCKS = YES;
				GCC_OPTIMIZATION_LEVEL = 0;
				GCC_PREPROCESSOR_DEFINITIONS = (
					"DEBUG=1",
					"$(inherited)",
				);
				GCC_WARN_64_TO_32_BIT_CONVERSION = YES;
				GCC_WARN_ABOUT_RETURN_TYPE = YES_ERROR;
				GCC_WARN_UNDECLARED_SELECTOR = YES;
				GCC_WARN_UNINITIALIZED_AUTOS = YES_AGGRESSIVE;
				GCC_WARN_UNUSED_FUNCTION = YES;
				GCC_WARN_UNUSED_VARIABLE = YES;
				IPHONEOS_DEPLOYMENT_TARGET = 16.0;
				MTL_ENABLE_DEBUG_INFO = INCLUDE_SOURCE;
				MTL_FAST_MATH = YES;
				ONLY_ACTIVE_ARCH = YES;
				SDKROOT = iphoneos;
				SWIFT_ACTIVE_COMPILATION_CONDITIONS = DEBUG;
				SWIFT_OPTIMIZATION_LEVEL = "-Onone";
			};
			name = Debug;
		};
		8436371028EB39D400A03EB8 /* Release */ = {
			isa = XCBuildConfiguration;
			buildSettings = {
				ALWAYS_SEARCH_USER_PATHS = NO;
				CLANG_ANALYZER_NONNULL = YES;
				CLANG_ANALYZER_NUMBER_OBJECT_CONVERSION = YES_AGGRESSIVE;
				CLANG_CXX_LANGUAGE_STANDARD = "gnu++20";
				CLANG_ENABLE_MODULES = YES;
				CLANG_ENABLE_OBJC_ARC = YES;
				CLANG_ENABLE_OBJC_WEAK = YES;
				CLANG_WARN_BLOCK_CAPTURE_AUTORELEASING = YES;
				CLANG_WARN_BOOL_CONVERSION = YES;
				CLANG_WARN_COMMA = YES;
				CLANG_WARN_CONSTANT_CONVERSION = YES;
				CLANG_WARN_DEPRECATED_OBJC_IMPLEMENTATIONS = YES;
				CLANG_WARN_DIRECT_OBJC_ISA_USAGE = YES_ERROR;
				CLANG_WARN_DOCUMENTATION_COMMENTS = YES;
				CLANG_WARN_EMPTY_BODY = YES;
				CLANG_WARN_ENUM_CONVERSION = YES;
				CLANG_WARN_INFINITE_RECURSION = YES;
				CLANG_WARN_INT_CONVERSION = YES;
				CLANG_WARN_NON_LITERAL_NULL_CONVERSION = YES;
				CLANG_WARN_OBJC_IMPLICIT_RETAIN_SELF = YES;
				CLANG_WARN_OBJC_LITERAL_CONVERSION = YES;
				CLANG_WARN_OBJC_ROOT_CLASS = YES_ERROR;
				CLANG_WARN_QUOTED_INCLUDE_IN_FRAMEWORK_HEADER = YES;
				CLANG_WARN_RANGE_LOOP_ANALYSIS = YES;
				CLANG_WARN_STRICT_PROTOTYPES = YES;
				CLANG_WARN_SUSPICIOUS_MOVE = YES;
				CLANG_WARN_UNGUARDED_AVAILABILITY = YES_AGGRESSIVE;
				CLANG_WARN_UNREACHABLE_CODE = YES;
				CLANG_WARN__DUPLICATE_METHOD_MATCH = YES;
				COPY_PHASE_STRIP = NO;
				DEBUG_INFORMATION_FORMAT = "dwarf-with-dsym";
				ENABLE_NS_ASSERTIONS = NO;
				ENABLE_STRICT_OBJC_MSGSEND = YES;
				GCC_C_LANGUAGE_STANDARD = gnu11;
				GCC_NO_COMMON_BLOCKS = YES;
				GCC_WARN_64_TO_32_BIT_CONVERSION = YES;
				GCC_WARN_ABOUT_RETURN_TYPE = YES_ERROR;
				GCC_WARN_UNDECLARED_SELECTOR = YES;
				GCC_WARN_UNINITIALIZED_AUTOS = YES_AGGRESSIVE;
				GCC_WARN_UNUSED_FUNCTION = YES;
				GCC_WARN_UNUSED_VARIABLE = YES;
				IPHONEOS_DEPLOYMENT_TARGET = 16.0;
				MTL_ENABLE_DEBUG_INFO = NO;
				MTL_FAST_MATH = YES;
				SDKROOT = iphoneos;
				SWIFT_COMPILATION_MODE = wholemodule;
				SWIFT_OPTIMIZATION_LEVEL = "-O";
				VALIDATE_PRODUCT = YES;
			};
			name = Release;
		};
		8436371228EB39D400A03EB8 /* Debug */ = {
			isa = XCBuildConfiguration;
			buildSettings = {
				ASSETCATALOG_COMPILER_APPICON_NAME = AppIcon;
				ASSETCATALOG_COMPILER_GLOBAL_ACCENT_COLOR_NAME = AccentColor;
				CODE_SIGN_STYLE = Automatic;
				CURRENT_PROJECT_VERSION = 1;
				GENERATE_INFOPLIST_FILE = YES;
				INFOPLIST_FILE = "Lecture5-Example/Info.plist";
				INFOPLIST_KEY_UIApplicationSupportsIndirectInputEvents = YES;
				INFOPLIST_KEY_UILaunchStoryboardName = LaunchScreen;
				INFOPLIST_KEY_UIMainStoryboardFile = Main;
				INFOPLIST_KEY_UISupportedInterfaceOrientations_iPad = "UIInterfaceOrientationPortrait UIInterfaceOrientationPortraitUpsideDown UIInterfaceOrientationLandscapeLeft UIInterfaceOrientationLandscapeRight";
				INFOPLIST_KEY_UISupportedInterfaceOrientations_iPhone = "UIInterfaceOrientationPortrait UIInterfaceOrientationLandscapeLeft UIInterfaceOrientationLandscapeRight";
				LD_RUNPATH_SEARCH_PATHS = (
					"$(inherited)",
					"@executable_path/Frameworks",
				);
				MARKETING_VERSION = 1.0;
				PRODUCT_BUNDLE_IDENTIFIER = "ca.Lecture5-Example";
				PRODUCT_NAME = "$(TARGET_NAME)";
				SWIFT_EMIT_LOC_STRINGS = YES;
				SWIFT_VERSION = 5.0;
				TARGETED_DEVICE_FAMILY = "1,2";
			};
			name = Debug;
		};
		8436371328EB39D400A03EB8 /* Release */ = {
			isa = XCBuildConfiguration;
			buildSettings = {
				ASSETCATALOG_COMPILER_APPICON_NAME = AppIcon;
				ASSETCATALOG_COMPILER_GLOBAL_ACCENT_COLOR_NAME = AccentColor;
				CODE_SIGN_STYLE = Automatic;
				CURRENT_PROJECT_VERSION = 1;
				GENERATE_INFOPLIST_FILE = YES;
				INFOPLIST_FILE = "Lecture5-Example/Info.plist";
				INFOPLIST_KEY_UIApplicationSupportsIndirectInputEvents = YES;
				INFOPLIST_KEY_UILaunchStoryboardName = LaunchScreen;
				INFOPLIST_KEY_UIMainStoryboardFile = Main;
				INFOPLIST_KEY_UISupportedInterfaceOrientations_iPad = "UIInterfaceOrientationPortrait UIInterfaceOrientationPortraitUpsideDown UIInterfaceOrientationLandscapeLeft UIInterfaceOrientationLandscapeRight";
				INFOPLIST_KEY_UISupportedInterfaceOrientations_iPhone = "UIInterfaceOrientationPortrait UIInterfaceOrientationLandscapeLeft UIInterfaceOrientationLandscapeRight";
				LD_RUNPATH_SEARCH_PATHS = (
					"$(inherited)",
					"@executable_path/Frameworks",
				);
				MARKETING_VERSION = 1.0;
				PRODUCT_BUNDLE_IDENTIFIER = "ca.Lecture5-Example";
				PRODUCT_NAME = "$(TARGET_NAME)";
				SWIFT_EMIT_LOC_STRINGS = YES;
				SWIFT_VERSION = 5.0;
				TARGETED_DEVICE_FAMILY = "1,2";
			};
			name = Release;
		};
		8436371528EB39D400A03EB8 /* Debug */ = {
			isa = XCBuildConfiguration;
			buildSettings = {
				ALWAYS_EMBED_SWIFT_STANDARD_LIBRARIES = YES;
				BUNDLE_LOADER = "$(TEST_HOST)";
				CODE_SIGN_STYLE = Automatic;
				CURRENT_PROJECT_VERSION = 1;
				GENERATE_INFOPLIST_FILE = YES;
				IPHONEOS_DEPLOYMENT_TARGET = 16.0;
				MARKETING_VERSION = 1.0;
				PRODUCT_BUNDLE_IDENTIFIER = "ca.Lecture5-ExampleTests";
				PRODUCT_NAME = "$(TARGET_NAME)";
				SWIFT_EMIT_LOC_STRINGS = NO;
				SWIFT_VERSION = 5.0;
				TARGETED_DEVICE_FAMILY = "1,2";
				TEST_HOST = "$(BUILT_PRODUCTS_DIR)/Lecture5-Example.app/$(BUNDLE_EXECUTABLE_FOLDER_PATH)/Lecture5-Example";
			};
			name = Debug;
		};
		8436371628EB39D400A03EB8 /* Release */ = {
			isa = XCBuildConfiguration;
			buildSettings = {
				ALWAYS_EMBED_SWIFT_STANDARD_LIBRARIES = YES;
				BUNDLE_LOADER = "$(TEST_HOST)";
				CODE_SIGN_STYLE = Automatic;
				CURRENT_PROJECT_VERSION = 1;
				GENERATE_INFOPLIST_FILE = YES;
				IPHONEOS_DEPLOYMENT_TARGET = 16.0;
				MARKETING_VERSION = 1.0;
				PRODUCT_BUNDLE_IDENTIFIER = "ca.Lecture5-ExampleTests";
				PRODUCT_NAME = "$(TARGET_NAME)";
				SWIFT_EMIT_LOC_STRINGS = NO;
				SWIFT_VERSION = 5.0;
				TARGETED_DEVICE_FAMILY = "1,2";
				TEST_HOST = "$(BUILT_PRODUCTS_DIR)/Lecture5-Example.app/$(BUNDLE_EXECUTABLE_FOLDER_PATH)/Lecture5-Example";
			};
			name = Release;
		};
		8436371828EB39D400A03EB8 /* Debug */ = {
			isa = XCBuildConfiguration;
			buildSettings = {
				ALWAYS_EMBED_SWIFT_STANDARD_LIBRARIES = YES;
				CODE_SIGN_STYLE = Automatic;
				CURRENT_PROJECT_VERSION = 1;
				GENERATE_INFOPLIST_FILE = YES;
				MARKETING_VERSION = 1.0;
				PRODUCT_BUNDLE_IDENTIFIER = "ca.Lecture5-ExampleUITests";
				PRODUCT_NAME = "$(TARGET_NAME)";
				SWIFT_EMIT_LOC_STRINGS = NO;
				SWIFT_VERSION = 5.0;
				TARGETED_DEVICE_FAMILY = "1,2";
				TEST_TARGET_NAME = "Lecture5-Example";
			};
			name = Debug;
		};
		8436371928EB39D400A03EB8 /* Release */ = {
			isa = XCBuildConfiguration;
			buildSettings = {
				ALWAYS_EMBED_SWIFT_STANDARD_LIBRARIES = YES;
				CODE_SIGN_STYLE = Automatic;
				CURRENT_PROJECT_VERSION = 1;
				GENERATE_INFOPLIST_FILE = YES;
				MARKETING_VERSION = 1.0;
				PRODUCT_BUNDLE_IDENTIFIER = "ca.Lecture5-ExampleUITests";
				PRODUCT_NAME = "$(TARGET_NAME)";
				SWIFT_EMIT_LOC_STRINGS = NO;
				SWIFT_VERSION = 5.0;
				TARGETED_DEVICE_FAMILY = "1,2";
				TEST_TARGET_NAME = "Lecture5-Example";
			};
			name = Release;
		};
/* End XCBuildConfiguration section */

/* Begin XCConfigurationList section */
		843636DF28EB39D100A03EB8 /* Build configuration list for PBXProject "Lecture5-Example" */ = {
			isa = XCConfigurationList;
			buildConfigurations = (
				8436370F28EB39D400A03EB8 /* Debug */,
				8436371028EB39D400A03EB8 /* Release */,
			);
			defaultConfigurationIsVisible = 0;
			defaultConfigurationName = Release;
		};
		8436371128EB39D400A03EB8 /* Build configuration list for PBXNativeTarget "Lecture5-Example" */ = {
			isa = XCConfigurationList;
			buildConfigurations = (
				8436371228EB39D400A03EB8 /* Debug */,
				8436371328EB39D400A03EB8 /* Release */,
			);
			defaultConfigurationIsVisible = 0;
			defaultConfigurationName = Release;
		};
		8436371428EB39D400A03EB8 /* Build configuration list for PBXNativeTarget "Lecture5-ExampleTests" */ = {
			isa = XCConfigurationList;
			buildConfigurations = (
				8436371528EB39D400A03EB8 /* Debug */,
				8436371628EB39D400A03EB8 /* Release */,
			);
			defaultConfigurationIsVisible = 0;
			defaultConfigurationName = Release;
		};
		8436371728EB39D400A03EB8 /* Build configuration list for PBXNativeTarget "Lecture5-ExampleUITests" */ = {
			isa = XCConfigurationList;
			buildConfigurations = (
				8436371828EB39D400A03EB8 /* Debug */,
				8436371928EB39D400A03EB8 /* Release */,
			);
			defaultConfigurationIsVisible = 0;
			defaultConfigurationName = Release;
		};
/* End XCConfigurationList section */

/* Begin XCVersionGroup section */
		843636F028EB39D100A03EB8 /* Lecture5_Example.xcdatamodeld */ = {
			isa = XCVersionGroup;
			children = (
				843636F128EB39D100A03EB8 /* Lecture5_Example.xcdatamodel */,
			);
			currentVersion = 843636F128EB39D100A03EB8 /* Lecture5_Example.xcdatamodel */;
			path = Lecture5_Example.xcdatamodeld;
			sourceTree = "<group>";
			versionGroupType = wrapper.xcdatamodel;
		};
/* End XCVersionGroup section */
	};
	rootObject = 843636DC28EB39D100A03EB8 /* Project object */;
}
