// !$*UTF8*$!
{
	archiveVersion = 1;
	classes = {
	};
	objectVersion = 56;
	objects = {

/* Begin PBXBuildFile section */
		8486BC9528E2078D006E4173 /* AppDelegate.swift in Sources */ = {isa = PBXBuildFile; fileRef = 8486BC9428E2078D006E4173 /* AppDelegate.swift */; };
		8486BC9728E2078D006E4173 /* SceneDelegate.swift in Sources */ = {isa = PBXBuildFile; fileRef = 8486BC9628E2078D006E4173 /* SceneDelegate.swift */; };
		8486BC9928E2078D006E4173 /* ViewController.swift in Sources */ = {isa = PBXBuildFile; fileRef = 8486BC9828E2078D006E4173 /* ViewController.swift */; };
		8486BC9C28E2078D006E4173 /* Main.storyboard in Resources */ = {isa = PBXBuildFile; fileRef = 8486BC9A28E2078D006E4173 /* Main.storyboard */; };
		8486BC9F28E2078D006E4173 /* stories.xcdatamodeld in Sources */ = {isa = PBXBuildFile; fileRef = 8486BC9D28E2078D006E4173 /* stories.xcdatamodeld */; };
		8486BCA128E20790006E4173 /* Assets.xcassets in Resources */ = {isa = PBXBuildFile; fileRef = 8486BCA028E20790006E4173 /* Assets.xcassets */; };
		8486BCA428E20790006E4173 /* LaunchScreen.storyboard in Resources */ = {isa = PBXBuildFile; fileRef = 8486BCA228E20790006E4173 /* LaunchScreen.storyboard */; };
		8486BCAF28E20790006E4173 /* storiesTests.swift in Sources */ = {isa = PBXBuildFile; fileRef = 8486BCAE28E20790006E4173 /* storiesTests.swift */; };
		8486BCB928E20790006E4173 /* storiesUITests.swift in Sources */ = {isa = PBXBuildFile; fileRef = 8486BCB828E20790006E4173 /* storiesUITests.swift */; };
		8486BCBB28E20790006E4173 /* storiesUITestsLaunchTests.swift in Sources */ = {isa = PBXBuildFile; fileRef = 8486BCBA28E20790006E4173 /* storiesUITestsLaunchTests.swift */; };
		8486BCC828E21960006E4173 /* ThirdPartVIewController.swift in Sources */ = {isa = PBXBuildFile; fileRef = 8486BCC728E21960006E4173 /* ThirdPartVIewController.swift */; };
/* End PBXBuildFile section */

/* Begin PBXContainerItemProxy section */
		8486BCAB28E20790006E4173 /* PBXContainerItemProxy */ = {
			isa = PBXContainerItemProxy;
			containerPortal = 8486BC8928E2078D006E4173 /* Project object */;
			proxyType = 1;
			remoteGlobalIDString = 8486BC9028E2078D006E4173;
			remoteInfo = stories;
		};
		8486BCB528E20790006E4173 /* PBXContainerItemProxy */ = {
			isa = PBXContainerItemProxy;
			containerPortal = 8486BC8928E2078D006E4173 /* Project object */;
			proxyType = 1;
			remoteGlobalIDString = 8486BC9028E2078D006E4173;
			remoteInfo = stories;
		};
/* End PBXContainerItemProxy section */

/* Begin PBXFileReference section */
		8486BC9128E2078D006E4173 /* stories.app */ = {isa = PBXFileReference; explicitFileType = wrapper.application; includeInIndex = 0; path = stories.app; sourceTree = BUILT_PRODUCTS_DIR; };
		8486BC9428E2078D006E4173 /* AppDelegate.swift */ = {isa = PBXFileReference; lastKnownFileType = sourcecode.swift; path = AppDelegate.swift; sourceTree = "<group>"; };
		8486BC9628E2078D006E4173 /* SceneDelegate.swift */ = {isa = PBXFileReference; lastKnownFileType = sourcecode.swift; path = SceneDelegate.swift; sourceTree = "<group>"; };
		8486BC9828E2078D006E4173 /* ViewController.swift */ = {isa = PBXFileReference; lastKnownFileType = sourcecode.swift; path = ViewController.swift; sourceTree = "<group>"; };
		8486BC9B28E2078D006E4173 /* Base */ = {isa = PBXFileReference; lastKnownFileType = file.storyboard; name = Base; path = Base.lproj/Main.storyboard; sourceTree = "<group>"; };
		8486BC9E28E2078D006E4173 /* stories.xcdatamodel */ = {isa = PBXFileReference; lastKnownFileType = wrapper.xcdatamodel; path = stories.xcdatamodel; sourceTree = "<group>"; };
		8486BCA028E20790006E4173 /* Assets.xcassets */ = {isa = PBXFileReference; lastKnownFileType = folder.assetcatalog; path = Assets.xcassets; sourceTree = "<group>"; };
		8486BCA328E20790006E4173 /* Base */ = {isa = PBXFileReference; lastKnownFileType = file.storyboard; name = Base; path = Base.lproj/LaunchScreen.storyboard; sourceTree = "<group>"; };
		8486BCA528E20790006E4173 /* Info.plist */ = {isa = PBXFileReference; lastKnownFileType = text.plist.xml; path = Info.plist; sourceTree = "<group>"; };
		8486BCAA28E20790006E4173 /* storiesTests.xctest */ = {isa = PBXFileReference; explicitFileType = wrapper.cfbundle; includeInIndex = 0; path = storiesTests.xctest; sourceTree = BUILT_PRODUCTS_DIR; };
		8486BCAE28E20790006E4173 /* storiesTests.swift */ = {isa = PBXFileReference; lastKnownFileType = sourcecode.swift; path = storiesTests.swift; sourceTree = "<group>"; };
		8486BCB428E20790006E4173 /* storiesUITests.xctest */ = {isa = PBXFileReference; explicitFileType = wrapper.cfbundle; includeInIndex = 0; path = storiesUITests.xctest; sourceTree = BUILT_PRODUCTS_DIR; };
		8486BCB828E20790006E4173 /* storiesUITests.swift */ = {isa = PBXFileReference; lastKnownFileType = sourcecode.swift; path = storiesUITests.swift; sourceTree = "<group>"; };
		8486BCBA28E20790006E4173 /* storiesUITestsLaunchTests.swift */ = {isa = PBXFileReference; lastKnownFileType = sourcecode.swift; path = storiesUITestsLaunchTests.swift; sourceTree = "<group>"; };
		8486BCC728E21960006E4173 /* ThirdPartVIewController.swift */ = {isa = PBXFileReference; lastKnownFileType = sourcecode.swift; path = ThirdPartVIewController.swift; sourceTree = "<group>"; };
/* End PBXFileReference section */

/* Begin PBXFrameworksBuildPhase section */
		8486BC8E28E2078D006E4173 /* Frameworks */ = {
			isa = PBXFrameworksBuildPhase;
			buildActionMask = 2147483647;
			files = (
			);
			runOnlyForDeploymentPostprocessing = 0;
		};
		8486BCA728E20790006E4173 /* Frameworks */ = {
			isa = PBXFrameworksBuildPhase;
			buildActionMask = 2147483647;
			files = (
			);
			runOnlyForDeploymentPostprocessing = 0;
		};
		8486BCB128E20790006E4173 /* Frameworks */ = {
			isa = PBXFrameworksBuildPhase;
			buildActionMask = 2147483647;
			files = (
			);
			runOnlyForDeploymentPostprocessing = 0;
		};
/* End PBXFrameworksBuildPhase section */

/* Begin PBXGroup section */
		8486BC8828E2078D006E4173 = {
			isa = PBXGroup;
			children = (
				8486BC9328E2078D006E4173 /* stories */,
				8486BCAD28E20790006E4173 /* storiesTests */,
				8486BCB728E20790006E4173 /* storiesUITests */,
				8486BC9228E2078D006E4173 /* Products */,
			);
			sourceTree = "<group>";
		};
		8486BC9228E2078D006E4173 /* Products */ = {
			isa = PBXGroup;
			children = (
				8486BC9128E2078D006E4173 /* stories.app */,
				8486BCAA28E20790006E4173 /* storiesTests.xctest */,
				8486BCB428E20790006E4173 /* storiesUITests.xctest */,
			);
			name = Products;
			sourceTree = "<group>";
		};
		8486BC9328E2078D006E4173 /* stories */ = {
			isa = PBXGroup;
			children = (
				8486BC9428E2078D006E4173 /* AppDelegate.swift */,
				8486BC9628E2078D006E4173 /* SceneDelegate.swift */,
				8486BC9828E2078D006E4173 /* ViewController.swift */,
				8486BC9A28E2078D006E4173 /* Main.storyboard */,
				8486BCC728E21960006E4173 /* ThirdPartVIewController.swift */,
				8486BCA028E20790006E4173 /* Assets.xcassets */,
				8486BCA228E20790006E4173 /* LaunchScreen.storyboard */,
				8486BCA528E20790006E4173 /* Info.plist */,
				8486BC9D28E2078D006E4173 /* stories.xcdatamodeld */,
			);
			path = stories;
			sourceTree = "<group>";
		};
		8486BCAD28E20790006E4173 /* storiesTests */ = {
			isa = PBXGroup;
			children = (
				8486BCAE28E20790006E4173 /* storiesTests.swift */,
			);
			path = storiesTests;
			sourceTree = "<group>";
		};
		8486BCB728E20790006E4173 /* storiesUITests */ = {
			isa = PBXGroup;
			children = (
				8486BCB828E20790006E4173 /* storiesUITests.swift */,
				8486BCBA28E20790006E4173 /* storiesUITestsLaunchTests.swift */,
			);
			path = storiesUITests;
			sourceTree = "<group>";
		};
/* End PBXGroup section */

/* Begin PBXNativeTarget section */
		8486BC9028E2078D006E4173 /* stories */ = {
			isa = PBXNativeTarget;
			buildConfigurationList = 8486BCBE28E20790006E4173 /* Build configuration list for PBXNativeTarget "stories" */;
			buildPhases = (
				8486BC8D28E2078D006E4173 /* Sources */,
				8486BC8E28E2078D006E4173 /* Frameworks */,
				8486BC8F28E2078D006E4173 /* Resources */,
			);
			buildRules = (
			);
			dependencies = (
			);
			name = stories;
			productName = stories;
			productReference = 8486BC9128E2078D006E4173 /* stories.app */;
			productType = "com.apple.product-type.application";
		};
		8486BCA928E20790006E4173 /* storiesTests */ = {
			isa = PBXNativeTarget;
			buildConfigurationList = 8486BCC128E20790006E4173 /* Build configuration list for PBXNativeTarget "storiesTests" */;
			buildPhases = (
				8486BCA628E20790006E4173 /* Sources */,
				8486BCA728E20790006E4173 /* Frameworks */,
				8486BCA828E20790006E4173 /* Resources */,
			);
			buildRules = (
			);
			dependencies = (
				8486BCAC28E20790006E4173 /* PBXTargetDependency */,
			);
			name = storiesTests;
			productName = storiesTests;
			productReference = 8486BCAA28E20790006E4173 /* storiesTests.xctest */;
			productType = "com.apple.product-type.bundle.unit-test";
		};
		8486BCB328E20790006E4173 /* storiesUITests */ = {
			isa = PBXNativeTarget;
			buildConfigurationList = 8486BCC428E20790006E4173 /* Build configuration list for PBXNativeTarget "storiesUITests" */;
			buildPhases = (
				8486BCB028E20790006E4173 /* Sources */,
				8486BCB128E20790006E4173 /* Frameworks */,
				8486BCB228E20790006E4173 /* Resources */,
			);
			buildRules = (
			);
			dependencies = (
				8486BCB628E20790006E4173 /* PBXTargetDependency */,
			);
			name = storiesUITests;
			productName = storiesUITests;
			productReference = 8486BCB428E20790006E4173 /* storiesUITests.xctest */;
			productType = "com.apple.product-type.bundle.ui-testing";
		};
/* End PBXNativeTarget section */

/* Begin PBXProject section */
		8486BC8928E2078D006E4173 /* Project object */ = {
			isa = PBXProject;
			attributes = {
				BuildIndependentTargetsInParallel = 1;
				LastSwiftUpdateCheck = 1400;
				LastUpgradeCheck = 1400;
				TargetAttributes = {
					8486BC9028E2078D006E4173 = {
						CreatedOnToolsVersion = 14.0;
					};
					8486BCA928E20790006E4173 = {
						CreatedOnToolsVersion = 14.0;
						TestTargetID = 8486BC9028E2078D006E4173;
					};
					8486BCB328E20790006E4173 = {
						CreatedOnToolsVersion = 14.0;
						TestTargetID = 8486BC9028E2078D006E4173;
					};
				};
			};
			buildConfigurationList = 8486BC8C28E2078D006E4173 /* Build configuration list for PBXProject "stories" */;
			compatibilityVersion = "Xcode 14.0";
			developmentRegion = en;
			hasScannedForEncodings = 0;
			knownRegions = (
				en,
				Base,
			);
			mainGroup = 8486BC8828E2078D006E4173;
			productRefGroup = 8486BC9228E2078D006E4173 /* Products */;
			projectDirPath = "";
			projectRoot = "";
			targets = (
				8486BC9028E2078D006E4173 /* stories */,
				8486BCA928E20790006E4173 /* storiesTests */,
				8486BCB328E20790006E4173 /* storiesUITests */,
			);
		};
/* End PBXProject section */

/* Begin PBXResourcesBuildPhase section */
		8486BC8F28E2078D006E4173 /* Resources */ = {
			isa = PBXResourcesBuildPhase;
			buildActionMask = 2147483647;
			files = (
				8486BCA428E20790006E4173 /* LaunchScreen.storyboard in Resources */,
				8486BCA128E20790006E4173 /* Assets.xcassets in Resources */,
				8486BC9C28E2078D006E4173 /* Main.storyboard in Resources */,
			);
			runOnlyForDeploymentPostprocessing = 0;
		};
		8486BCA828E20790006E4173 /* Resources */ = {
			isa = PBXResourcesBuildPhase;
			buildActionMask = 2147483647;
			files = (
			);
			runOnlyForDeploymentPostprocessing = 0;
		};
		8486BCB228E20790006E4173 /* Resources */ = {
			isa = PBXResourcesBuildPhase;
			buildActionMask = 2147483647;
			files = (
			);
			runOnlyForDeploymentPostprocessing = 0;
		};
/* End PBXResourcesBuildPhase section */

/* Begin PBXSourcesBuildPhase section */
		8486BC8D28E2078D006E4173 /* Sources */ = {
			isa = PBXSourcesBuildPhase;
			buildActionMask = 2147483647;
			files = (
				8486BC9928E2078D006E4173 /* ViewController.swift in Sources */,
				8486BC9F28E2078D006E4173 /* stories.xcdatamodeld in Sources */,
				8486BCC828E21960006E4173 /* ThirdPartVIewController.swift in Sources */,
				8486BC9528E2078D006E4173 /* AppDelegate.swift in Sources */,
				8486BC9728E2078D006E4173 /* SceneDelegate.swift in Sources */,
			);
			runOnlyForDeploymentPostprocessing = 0;
		};
		8486BCA628E20790006E4173 /* Sources */ = {
			isa = PBXSourcesBuildPhase;
			buildActionMask = 2147483647;
			files = (
				8486BCAF28E20790006E4173 /* storiesTests.swift in Sources */,
			);
			runOnlyForDeploymentPostprocessing = 0;
		};
		8486BCB028E20790006E4173 /* Sources */ = {
			isa = PBXSourcesBuildPhase;
			buildActionMask = 2147483647;
			files = (
				8486BCBB28E20790006E4173 /* storiesUITestsLaunchTests.swift in Sources */,
				8486BCB928E20790006E4173 /* storiesUITests.swift in Sources */,
			);
			runOnlyForDeploymentPostprocessing = 0;
		};
/* End PBXSourcesBuildPhase section */

/* Begin PBXTargetDependency section */
		8486BCAC28E20790006E4173 /* PBXTargetDependency */ = {
			isa = PBXTargetDependency;
			target = 8486BC9028E2078D006E4173 /* stories */;
			targetProxy = 8486BCAB28E20790006E4173 /* PBXContainerItemProxy */;
		};
		8486BCB628E20790006E4173 /* PBXTargetDependency */ = {
			isa = PBXTargetDependency;
			target = 8486BC9028E2078D006E4173 /* stories */;
			targetProxy = 8486BCB528E20790006E4173 /* PBXContainerItemProxy */;
		};
/* End PBXTargetDependency section */

/* Begin PBXVariantGroup section */
		8486BC9A28E2078D006E4173 /* Main.storyboard */ = {
			isa = PBXVariantGroup;
			children = (
				8486BC9B28E2078D006E4173 /* Base */,
			);
			name = Main.storyboard;
			sourceTree = "<group>";
		};
		8486BCA228E20790006E4173 /* LaunchScreen.storyboard */ = {
			isa = PBXVariantGroup;
			children = (
				8486BCA328E20790006E4173 /* Base */,
			);
			name = LaunchScreen.storyboard;
			sourceTree = "<group>";
		};
/* End PBXVariantGroup section */

/* Begin XCBuildConfiguration section */
		8486BCBC28E20790006E4173 /* Debug */ = {
			isa = XCBuildConfiguration;
			buildSettings = {
				ALWAYS_SEARCH_USER_PATHS = NO;
				CLANG_ANALYZER_NONNULL = YES;
				CLANG_ANALYZER_NUMBER_OBJECT_CONVERSION = YES_AGGRESSIVE;
				CLANG_CXX_LANGUAGE_STANDARD = "gnu++20";
				CLANG_ENABLE_MODULES = YES;
				CLANG_ENABLE_OBJC_ARC = YES;
				CLANG_ENABLE_OBJC_WEAK = YES;
				CLANG_WARN_BLOCK_CAPTURE_AUTORELEASING = YES;
				CLANG_WARN_BOOL_CONVERSION = YES;
				CLANG_WARN_COMMA = YES;
				CLANG_WARN_CONSTANT_CONVERSION = YES;
				CLANG_WARN_DEPRECATED_OBJC_IMPLEMENTATIONS = YES;
				CLANG_WARN_DIRECT_OBJC_ISA_USAGE = YES_ERROR;
				CLANG_WARN_DOCUMENTATION_COMMENTS = YES;
				CLANG_WARN_EMPTY_BODY = YES;
				CLANG_WARN_ENUM_CONVERSION = YES;
				CLANG_WARN_INFINITE_RECURSION = YES;
				CLANG_WARN_INT_CONVERSION = YES;
				CLANG_WARN_NON_LITERAL_NULL_CONVERSION = YES;
				CLANG_WARN_OBJC_IMPLICIT_RETAIN_SELF = YES;
				CLANG_WARN_OBJC_LITERAL_CONVERSION = YES;
				CLANG_WARN_OBJC_ROOT_CLASS = YES_ERROR;
				CLANG_WARN_QUOTED_INCLUDE_IN_FRAMEWORK_HEADER = YES;
				CLANG_WARN_RANGE_LOOP_ANALYSIS = YES;
				CLANG_WARN_STRICT_PROTOTYPES = YES;
				CLANG_WARN_SUSPICIOUS_MOVE = YES;
				CLANG_WARN_UNGUARDED_AVAILABILITY = YES_AGGRESSIVE;
				CLANG_WARN_UNREACHABLE_CODE = YES;
				CLANG_WARN__DUPLICATE_METHOD_MATCH = YES;
				COPY_PHASE_STRIP = NO;
				DEBUG_INFORMATION_FORMAT = dwarf;
				ENABLE_STRICT_OBJC_MSGSEND = YES;
				ENABLE_TESTABILITY = YES;
				GCC_C_LANGUAGE_STANDARD = gnu11;
				GCC_DYNAMIC_NO_PIC = NO;
				GCC_NO_COMMON_BLOCKS = YES;
				GCC_OPTIMIZATION_LEVEL = 0;
				GCC_PREPROCESSOR_DEFINITIONS = (
					"DEBUG=1",
					"$(inherited)",
				);
				GCC_WARN_64_TO_32_BIT_CONVERSION = YES;
				GCC_WARN_ABOUT_RETURN_TYPE = YES_ERROR;
				GCC_WARN_UNDECLARED_SELECTOR = YES;
				GCC_WARN_UNINITIALIZED_AUTOS = YES_AGGRESSIVE;
				GCC_WARN_UNUSED_FUNCTION = YES;
				GCC_WARN_UNUSED_VARIABLE = YES;
				IPHONEOS_DEPLOYMENT_TARGET = 16.0;
				MTL_ENABLE_DEBUG_INFO = INCLUDE_SOURCE;
				MTL_FAST_MATH = YES;
				ONLY_ACTIVE_ARCH = YES;
				SDKROOT = iphoneos;
				SWIFT_ACTIVE_COMPILATION_CONDITIONS = DEBUG;
				SWIFT_OPTIMIZATION_LEVEL = "-Onone";
			};
			name = Debug;
		};
		8486BCBD28E20790006E4173 /* Release */ = {
			isa = XCBuildConfiguration;
			buildSettings = {
				ALWAYS_SEARCH_USER_PATHS = NO;
				CLANG_ANALYZER_NONNULL = YES;
				CLANG_ANALYZER_NUMBER_OBJECT_CONVERSION = YES_AGGRESSIVE;
				CLANG_CXX_LANGUAGE_STANDARD = "gnu++20";
				CLANG_ENABLE_MODULES = YES;
				CLANG_ENABLE_OBJC_ARC = YES;
				CLANG_ENABLE_OBJC_WEAK = YES;
				CLANG_WARN_BLOCK_CAPTURE_AUTORELEASING = YES;
				CLANG_WARN_BOOL_CONVERSION = YES;
				CLANG_WARN_COMMA = YES;
				CLANG_WARN_CONSTANT_CONVERSION = YES;
				CLANG_WARN_DEPRECATED_OBJC_IMPLEMENTATIONS = YES;
				CLANG_WARN_DIRECT_OBJC_ISA_USAGE = YES_ERROR;
				CLANG_WARN_DOCUMENTATION_COMMENTS = YES;
				CLANG_WARN_EMPTY_BODY = YES;
				CLANG_WARN_ENUM_CONVERSION = YES;
				CLANG_WARN_INFINITE_RECURSION = YES;
				CLANG_WARN_INT_CONVERSION = YES;
				CLANG_WARN_NON_LITERAL_NULL_CONVERSION = YES;
				CLANG_WARN_OBJC_IMPLICIT_RETAIN_SELF = YES;
				CLANG_WARN_OBJC_LITERAL_CONVERSION = YES;
				CLANG_WARN_OBJC_ROOT_CLASS = YES_ERROR;
				CLANG_WARN_QUOTED_INCLUDE_IN_FRAMEWORK_HEADER = YES;
				CLANG_WARN_RANGE_LOOP_ANALYSIS = YES;
				CLANG_WARN_STRICT_PROTOTYPES = YES;
				CLANG_WARN_SUSPICIOUS_MOVE = YES;
				CLANG_WARN_UNGUARDED_AVAILABILITY = YES_AGGRESSIVE;
				CLANG_WARN_UNREACHABLE_CODE = YES;
				CLANG_WARN__DUPLICATE_METHOD_MATCH = YES;
				COPY_PHASE_STRIP = NO;
				DEBUG_INFORMATION_FORMAT = "dwarf-with-dsym";
				ENABLE_NS_ASSERTIONS = NO;
				ENABLE_STRICT_OBJC_MSGSEND = YES;
				GCC_C_LANGUAGE_STANDARD = gnu11;
				GCC_NO_COMMON_BLOCKS = YES;
				GCC_WARN_64_TO_32_BIT_CONVERSION = YES;
				GCC_WARN_ABOUT_RETURN_TYPE = YES_ERROR;
				GCC_WARN_UNDECLARED_SELECTOR = YES;
				GCC_WARN_UNINITIALIZED_AUTOS = YES_AGGRESSIVE;
				GCC_WARN_UNUSED_FUNCTION = YES;
				GCC_WARN_UNUSED_VARIABLE = YES;
				IPHONEOS_DEPLOYMENT_TARGET = 16.0;
				MTL_ENABLE_DEBUG_INFO = NO;
				MTL_FAST_MATH = YES;
				SDKROOT = iphoneos;
				SWIFT_COMPILATION_MODE = wholemodule;
				SWIFT_OPTIMIZATION_LEVEL = "-O";
				VALIDATE_PRODUCT = YES;
			};
			name = Release;
		};
		8486BCBF28E20790006E4173 /* Debug */ = {
			isa = XCBuildConfiguration;
			buildSettings = {
				ASSETCATALOG_COMPILER_APPICON_NAME = AppIcon;
				ASSETCATALOG_COMPILER_GLOBAL_ACCENT_COLOR_NAME = AccentColor;
				CODE_SIGN_STYLE = Automatic;
				CURRENT_PROJECT_VERSION = 1;
				GENERATE_INFOPLIST_FILE = YES;
				INFOPLIST_FILE = stories/Info.plist;
				INFOPLIST_KEY_UIApplicationSupportsIndirectInputEvents = YES;
				INFOPLIST_KEY_UILaunchStoryboardName = LaunchScreen;
				INFOPLIST_KEY_UIMainStoryboardFile = Main;
				INFOPLIST_KEY_UISupportedInterfaceOrientations_iPad = "UIInterfaceOrientationPortrait UIInterfaceOrientationPortraitUpsideDown UIInterfaceOrientationLandscapeLeft UIInterfaceOrientationLandscapeRight";
				INFOPLIST_KEY_UISupportedInterfaceOrientations_iPhone = "UIInterfaceOrientationPortrait UIInterfaceOrientationLandscapeLeft UIInterfaceOrientationLandscapeRight";
				IPHONEOS_DEPLOYMENT_TARGET = 14.0;
				LD_RUNPATH_SEARCH_PATHS = (
					"$(inherited)",
					"@executable_path/Frameworks",
				);
				MARKETING_VERSION = 1.0;
				PRODUCT_BUNDLE_IDENTIFIER = ca.stories;
				PRODUCT_NAME = "$(TARGET_NAME)";
				SWIFT_EMIT_LOC_STRINGS = YES;
				SWIFT_VERSION = 5.0;
				TARGETED_DEVICE_FAMILY = "1,2";
			};
			name = Debug;
		};
		8486BCC028E20790006E4173 /* Release */ = {
			isa = XCBuildConfiguration;
			buildSettings = {
				ASSETCATALOG_COMPILER_APPICON_NAME = AppIcon;
				ASSETCATALOG_COMPILER_GLOBAL_ACCENT_COLOR_NAME = AccentColor;
				CODE_SIGN_STYLE = Automatic;
				CURRENT_PROJECT_VERSION = 1;
				GENERATE_INFOPLIST_FILE = YES;
				INFOPLIST_FILE = stories/Info.plist;
				INFOPLIST_KEY_UIApplicationSupportsIndirectInputEvents = YES;
				INFOPLIST_KEY_UILaunchStoryboardName = LaunchScreen;
				INFOPLIST_KEY_UIMainStoryboardFile = Main;
				INFOPLIST_KEY_UISupportedInterfaceOrientations_iPad = "UIInterfaceOrientationPortrait UIInterfaceOrientationPortraitUpsideDown UIInterfaceOrientationLandscapeLeft UIInterfaceOrientationLandscapeRight";
				INFOPLIST_KEY_UISupportedInterfaceOrientations_iPhone = "UIInterfaceOrientationPortrait UIInterfaceOrientationLandscapeLeft UIInterfaceOrientationLandscapeRight";
				IPHONEOS_DEPLOYMENT_TARGET = 14.0;
				LD_RUNPATH_SEARCH_PATHS = (
					"$(inherited)",
					"@executable_path/Frameworks",
				);
				MARKETING_VERSION = 1.0;
				PRODUCT_BUNDLE_IDENTIFIER = ca.stories;
				PRODUCT_NAME = "$(TARGET_NAME)";
				SWIFT_EMIT_LOC_STRINGS = YES;
				SWIFT_VERSION = 5.0;
				TARGETED_DEVICE_FAMILY = "1,2";
			};
			name = Release;
		};
		8486BCC228E20790006E4173 /* Debug */ = {
			isa = XCBuildConfiguration;
			buildSettings = {
				ALWAYS_EMBED_SWIFT_STANDARD_LIBRARIES = YES;
				BUNDLE_LOADER = "$(TEST_HOST)";
				CODE_SIGN_STYLE = Automatic;
				CURRENT_PROJECT_VERSION = 1;
				GENERATE_INFOPLIST_FILE = YES;
				IPHONEOS_DEPLOYMENT_TARGET = 16.0;
				MARKETING_VERSION = 1.0;
				PRODUCT_BUNDLE_IDENTIFIER = ca.storiesTests;
				PRODUCT_NAME = "$(TARGET_NAME)";
				SWIFT_EMIT_LOC_STRINGS = NO;
				SWIFT_VERSION = 5.0;
				TARGETED_DEVICE_FAMILY = "1,2";
				TEST_HOST = "$(BUILT_PRODUCTS_DIR)/stories.app/$(BUNDLE_EXECUTABLE_FOLDER_PATH)/stories";
			};
			name = Debug;
		};
		8486BCC328E20790006E4173 /* Release */ = {
			isa = XCBuildConfiguration;
			buildSettings = {
				ALWAYS_EMBED_SWIFT_STANDARD_LIBRARIES = YES;
				BUNDLE_LOADER = "$(TEST_HOST)";
				CODE_SIGN_STYLE = Automatic;
				CURRENT_PROJECT_VERSION = 1;
				GENERATE_INFOPLIST_FILE = YES;
				IPHONEOS_DEPLOYMENT_TARGET = 16.0;
				MARKETING_VERSION = 1.0;
				PRODUCT_BUNDLE_IDENTIFIER = ca.storiesTests;
				PRODUCT_NAME = "$(TARGET_NAME)";
				SWIFT_EMIT_LOC_STRINGS = NO;
				SWIFT_VERSION = 5.0;
				TARGETED_DEVICE_FAMILY = "1,2";
				TEST_HOST = "$(BUILT_PRODUCTS_DIR)/stories.app/$(BUNDLE_EXECUTABLE_FOLDER_PATH)/stories";
			};
			name = Release;
		};
		8486BCC528E20790006E4173 /* Debug */ = {
			isa = XCBuildConfiguration;
			buildSettings = {
				ALWAYS_EMBED_SWIFT_STANDARD_LIBRARIES = YES;
				CODE_SIGN_STYLE = Automatic;
				CURRENT_PROJECT_VERSION = 1;
				GENERATE_INFOPLIST_FILE = YES;
				MARKETING_VERSION = 1.0;
				PRODUCT_BUNDLE_IDENTIFIER = ca.storiesUITests;
				PRODUCT_NAME = "$(TARGET_NAME)";
				SWIFT_EMIT_LOC_STRINGS = NO;
				SWIFT_VERSION = 5.0;
				TARGETED_DEVICE_FAMILY = "1,2";
				TEST_TARGET_NAME = stories;
			};
			name = Debug;
		};
		8486BCC628E20790006E4173 /* Release */ = {
			isa = XCBuildConfiguration;
			buildSettings = {
				ALWAYS_EMBED_SWIFT_STANDARD_LIBRARIES = YES;
				CODE_SIGN_STYLE = Automatic;
				CURRENT_PROJECT_VERSION = 1;
				GENERATE_INFOPLIST_FILE = YES;
				MARKETING_VERSION = 1.0;
				PRODUCT_BUNDLE_IDENTIFIER = ca.storiesUITests;
				PRODUCT_NAME = "$(TARGET_NAME)";
				SWIFT_EMIT_LOC_STRINGS = NO;
				SWIFT_VERSION = 5.0;
				TARGETED_DEVICE_FAMILY = "1,2";
				TEST_TARGET_NAME = stories;
			};
			name = Release;
		};
/* End XCBuildConfiguration section */

/* Begin XCConfigurationList section */
		8486BC8C28E2078D006E4173 /* Build configuration list for PBXProject "stories" */ = {
			isa = XCConfigurationList;
			buildConfigurations = (
				8486BCBC28E20790006E4173 /* Debug */,
				8486BCBD28E20790006E4173 /* Release */,
			);
			defaultConfigurationIsVisible = 0;
			defaultConfigurationName = Release;
		};
		8486BCBE28E20790006E4173 /* Build configuration list for PBXNativeTarget "stories" */ = {
			isa = XCConfigurationList;
			buildConfigurations = (
				8486BCBF28E20790006E4173 /* Debug */,
				8486BCC028E20790006E4173 /* Release */,
			);
			defaultConfigurationIsVisible = 0;
			defaultConfigurationName = Release;
		};
		8486BCC128E20790006E4173 /* Build configuration list for PBXNativeTarget "storiesTests" */ = {
			isa = XCConfigurationList;
			buildConfigurations = (
				8486BCC228E20790006E4173 /* Debug */,
				8486BCC328E20790006E4173 /* Release */,
			);
			defaultConfigurationIsVisible = 0;
			defaultConfigurationName = Release;
		};
		8486BCC428E20790006E4173 /* Build configuration list for PBXNativeTarget "storiesUITests" */ = {
			isa = XCConfigurationList;
			buildConfigurations = (
				8486BCC528E20790006E4173 /* Debug */,
				8486BCC628E20790006E4173 /* Release */,
			);
			defaultConfigurationIsVisible = 0;
			defaultConfigurationName = Release;
		};
/* End XCConfigurationList section */

/* Begin XCVersionGroup section */
		8486BC9D28E2078D006E4173 /* stories.xcdatamodeld */ = {
			isa = XCVersionGroup;
			children = (
				8486BC9E28E2078D006E4173 /* stories.xcdatamodel */,
			);
			currentVersion = 8486BC9E28E2078D006E4173 /* stories.xcdatamodel */;
			path = stories.xcdatamodeld;
			sourceTree = "<group>";
			versionGroupType = wrapper.xcdatamodel;
		};
/* End XCVersionGroup section */
	};
	rootObject = 8486BC8928E2078D006E4173 /* Project object */;
}
